// !$*UTF8*$!
{
	archiveVersion = 1;
	classes = {
	};
	objectVersion = 46;
	objects = {

/* Begin PBXBuildFile section */
		5AE2CFEE1DA45B5F00B28483 /* interface.cpp in Sources */ = {isa = PBXBuildFile; fileRef = 5AE2CFE91DA45B5F00B28483 /* interface.cpp */; };
		5AE2CFEF1DA45B5F00B28483 /* lexScanner.cpp in Sources */ = {isa = PBXBuildFile; fileRef = 5AE2CFEB1DA45B5F00B28483 /* lexScanner.cpp */; };
		5AE2CFF01DA45B5F00B28483 /* main.cpp in Sources */ = {isa = PBXBuildFile; fileRef = 5AE2CFED1DA45B5F00B28483 /* main.cpp */; };
/* End PBXBuildFile section */

/* Begin PBXCopyFilesBuildPhase section */
		5A3FCD821DA24A7F00AEB112 /* CopyFiles */ = {
			isa = PBXCopyFilesBuildPhase;
			buildActionMask = 2147483647;
			dstPath = /usr/share/man/man1/;
			dstSubfolderSpec = 0;
			files = (
			);
			runOnlyForDeploymentPostprocessing = 1;
		};
/* End PBXCopyFilesBuildPhase section */

/* Begin PBXFileReference section */
		5A3FCD841DA24A7F00AEB112 /* Program 2 EC NEW */ = {isa = PBXFileReference; explicitFileType = "compiled.mach-o.executable"; includeInIndex = 0; path = "Program 2 EC NEW"; sourceTree = BUILT_PRODUCTS_DIR; };
		5AE2CFE91DA45B5F00B28483 /* interface.cpp */ = {isa = PBXFileReference; fileEncoding = 4; lastKnownFileType = sourcecode.cpp.cpp; name = interface.cpp; path = "Program 2 EC/interface.cpp"; sourceTree = SOURCE_ROOT; };
		5AE2CFEA1DA45B5F00B28483 /* interface.h */ = {isa = PBXFileReference; fileEncoding = 4; lastKnownFileType = sourcecode.c.h; name = interface.h; path = "Program 2 EC/interface.h"; sourceTree = SOURCE_ROOT; };
		5AE2CFEB1DA45B5F00B28483 /* lexScanner.cpp */ = {isa = PBXFileReference; fileEncoding = 4; lastKnownFileType = sourcecode.cpp.cpp; name = lexScanner.cpp; path = "Program 2 EC/lexScanner.cpp"; sourceTree = SOURCE_ROOT; };
		5AE2CFEC1DA45B5F00B28483 /* lexScanner.h */ = {isa = PBXFileReference; fileEncoding = 4; lastKnownFileType = sourcecode.c.h; name = lexScanner.h; path = "Program 2 EC/lexScanner.h"; sourceTree = SOURCE_ROOT; };
		5AE2CFED1DA45B5F00B28483 /* main.cpp */ = {isa = PBXFileReference; fileEncoding = 4; lastKnownFileType = sourcecode.cpp.cpp; name = main.cpp; path = "Program 2 EC/main.cpp"; sourceTree = SOURCE_ROOT; };
/* End PBXFileReference section */

/* Begin PBXFrameworksBuildPhase section */
		5A3FCD811DA24A7F00AEB112 /* Frameworks */ = {
			isa = PBXFrameworksBuildPhase;
			buildActionMask = 2147483647;
			files = (
			);
			runOnlyForDeploymentPostprocessing = 0;
		};
/* End PBXFrameworksBuildPhase section */

/* Begin PBXGroup section */
		5A3FCD7B1DA24A7F00AEB112 = {
			isa = PBXGroup;
			children = (
				5A3FCD861DA24A7F00AEB112 /* Program 2 EC */,
				5A3FCD851DA24A7F00AEB112 /* Products */,
			);
			sourceTree = "<group>";
		};
		5A3FCD851DA24A7F00AEB112 /* Products */ = {
			isa = PBXGroup;
			children = (
				5A3FCD841DA24A7F00AEB112 /* Program 2 EC NEW */,
			);
			name = Products;
			sourceTree = "<group>";
		};
		5A3FCD861DA24A7F00AEB112 /* Program 2 EC */ = {
			isa = PBXGroup;
			children = (
				5AE2CFE91DA45B5F00B28483 /* interface.cpp */,
				5AE2CFEA1DA45B5F00B28483 /* interface.h */,
				5AE2CFEB1DA45B5F00B28483 /* lexScanner.cpp */,
				5AE2CFEC1DA45B5F00B28483 /* lexScanner.h */,
				5AE2CFED1DA45B5F00B28483 /* main.cpp */,
			);
			name = "Program 2 EC";
			path = "Program 2 EC NEW";
			sourceTree = "<group>";
		};
/* End PBXGroup section */

/* Begin PBXNativeTarget section */
		5A3FCD831DA24A7F00AEB112 /* Program 2 EC NEW */ = {
			isa = PBXNativeTarget;
			buildConfigurationList = 5A3FCD8B1DA24A7F00AEB112 /* Build configuration list for PBXNativeTarget "Program 2 EC NEW" */;
			buildPhases = (
				5A3FCD801DA24A7F00AEB112 /* Sources */,
				5A3FCD811DA24A7F00AEB112 /* Frameworks */,
				5A3FCD821DA24A7F00AEB112 /* CopyFiles */,
			);
			buildRules = (
			);
			dependencies = (
			);
			name = "Program 2 EC NEW";
			productName = "Program 2 EC NEW";
			productReference = 5A3FCD841DA24A7F00AEB112 /* Program 2 EC NEW */;
			productType = "com.apple.product-type.tool";
		};
/* End PBXNativeTarget section */

/* Begin PBXProject section */
		5A3FCD7C1DA24A7F00AEB112 /* Project object */ = {
			isa = PBXProject;
			attributes = {
				LastUpgradeCheck = 0730;
				ORGANIZATIONNAME = "Willy Hung";
				TargetAttributes = {
					5A3FCD831DA24A7F00AEB112 = {
						CreatedOnToolsVersion = 7.3.1;
					};
				};
			};
			buildConfigurationList = 5A3FCD7F1DA24A7F00AEB112 /* Build configuration list for PBXProject "Program 2 EC" */;
			compatibilityVersion = "Xcode 3.2";
			developmentRegion = English;
			hasScannedForEncodings = 0;
			knownRegions = (
				en,
			);
			mainGroup = 5A3FCD7B1DA24A7F00AEB112;
			productRefGroup = 5A3FCD851DA24A7F00AEB112 /* Products */;
			projectDirPath = "";
			projectRoot = "";
			targets = (
				5A3FCD831DA24A7F00AEB112 /* Program 2 EC NEW */,
			);
		};
/* End PBXProject section */

/* Begin PBXSourcesBuildPhase section */
		5A3FCD801DA24A7F00AEB112 /* Sources */ = {
			isa = PBXSourcesBuildPhase;
			buildActionMask = 2147483647;
			files = (
				5AE2CFEF1DA45B5F00B28483 /* lexScanner.cpp in Sources */,
				5AE2CFEE1DA45B5F00B28483 /* interface.cpp in Sources */,
				5AE2CFF01DA45B5F00B28483 /* main.cpp in Sources */,
			);
			runOnlyForDeploymentPostprocessing = 0;
		};
/* End PBXSourcesBuildPhase section */

/* Begin XCBuildConfiguration section */
		5A3FCD891DA24A7F00AEB112 /* Debug */ = {
			isa = XCBuildConfiguration;
			buildSettings = {
				ALWAYS_SEARCH_USER_PATHS = NO;
				CLANG_ANALYZER_NONNULL = YES;
				CLANG_CXX_LANGUAGE_STANDARD = "gnu++0x";
				CLANG_CXX_LIBRARY = "libc++";
				CLANG_ENABLE_MODULES = YES;
				CLANG_ENABLE_OBJC_ARC = YES;
				CLANG_WARN_BOOL_CONVERSION = YES;
				CLANG_WARN_CONSTANT_CONVERSION = YES;
				CLANG_WARN_DIRECT_OBJC_ISA_USAGE = YES_ERROR;
				CLANG_WARN_EMPTY_BODY = YES;
				CLANG_WARN_ENUM_CONVERSION = YES;
				CLANG_WARN_INT_CONVERSION = YES;
				CLANG_WARN_OBJC_ROOT_CLASS = YES_ERROR;
				CLANG_WARN_UNREACHABLE_CODE = YES;
				CLANG_WARN__DUPLICATE_METHOD_MATCH = YES;
				CODE_SIGN_IDENTITY = "-";
				COPY_PHASE_STRIP = NO;
				DEBUG_INFORMATION_FORMAT = dwarf;
				ENABLE_STRICT_OBJC_MSGSEND = YES;
				ENABLE_TESTABILITY = YES;
				GCC_C_LANGUAGE_STANDARD = gnu99;
				GCC_DYNAMIC_NO_PIC = NO;
				GCC_NO_COMMON_BLOCKS = YES;
				GCC_OPTIMIZATION_LEVEL = 0;
				GCC_PREPROCESSOR_DEFINITIONS = (
					"DEBUG=1",
					"$(inherited)",
				);
				GCC_WARN_64_TO_32_BIT_CONVERSION = YES;
				GCC_WARN_ABOUT_RETURN_TYPE = YES_ERROR;
				GCC_WARN_UNDECLARED_SELECTOR = YES;
				GCC_WARN_UNINITIALIZED_AUTOS = YES_AGGRESSIVE;
				GCC_WARN_UNUSED_FUNCTION = YES;
				GCC_WARN_UNUSED_VARIABLE = YES;
				MACOSX_DEPLOYMENT_TARGET = 10.11;
				MTL_ENABLE_DEBUG_INFO = YES;
				ONLY_ACTIVE_ARCH = YES;
				SDKROOT = macosx;
			};
			name = Debug;
		};
		5A3FCD8A1DA24A7F00AEB112 /* Release */ = {
			isa = XCBuildConfiguration;
			buildSettings = {
				ALWAYS_SEARCH_USER_PATHS = NO;
				CLANG_ANALYZER_NONNULL = YES;
				CLANG_CXX_LANGUAGE_STANDARD = "gnu++0x";
				CLANG_CXX_LIBRARY = "libc++";
				CLANG_ENABLE_MODULES = YES;
				CLANG_ENABLE_OBJC_ARC = YES;
				CLANG_WARN_BOOL_CONVERSION = YES;
				CLANG_WARN_CONSTANT_CONVERSION = YES;
				CLANG_WARN_DIRECT_OBJC_ISA_USAGE = YES_ERROR;
				CLANG_WARN_EMPTY_BODY = YES;
				CLANG_WARN_ENUM_CONVERSION = YES;
				CLANG_WARN_INT_CONVERSION = YES;
				CLANG_WARN_OBJC_ROOT_CLASS = YES_ERROR;
				CLANG_WARN_UNREACHABLE_CODE = YES;
				CLANG_WARN__DUPLICATE_METHOD_MATCH = YES;
				CODE_SIGN_IDENTITY = "-";
				COPY_PHASE_STRIP = NO;
				DEBUG_INFORMATION_FORMAT = "dwarf-with-dsym";
				ENABLE_NS_ASSERTIONS = NO;
				ENABLE_STRICT_OBJC_MSGSEND = YES;
				GCC_C_LANGUAGE_STANDARD = gnu99;
				GCC_NO_COMMON_BLOCKS = YES;
				GCC_WARN_64_TO_32_BIT_CONVERSION = YES;
				GCC_WARN_ABOUT_RETURN_TYPE = YES_ERROR;
				GCC_WARN_UNDECLARED_SELECTOR = YES;
				GCC_WARN_UNINITIALIZED_AUTOS = YES_AGGRESSIVE;
				GCC_WARN_UNUSED_FUNCTION = YES;
				GCC_WARN_UNUSED_VARIABLE = YES;
				MACOSX_DEPLOYMENT_TARGET = 10.11;
				MTL_ENABLE_DEBUG_INFO = NO;
				SDKROOT = macosx;
			};
			name = Release;
		};
		5A3FCD8C1DA24A7F00AEB112 /* Debug */ = {
			isa = XCBuildConfiguration;
			buildSettings = {
				PRODUCT_NAME = "$(TARGET_NAME)";
			};
			name = Debug;
		};
		5A3FCD8D1DA24A7F00AEB112 /* Release */ = {
			isa = XCBuildConfiguration;
			buildSettings = {
				PRODUCT_NAME = "$(TARGET_NAME)";
			};
			name = Release;
		};
/* End XCBuildConfiguration section */

/* Begin XCConfigurationList section */
		5A3FCD7F1DA24A7F00AEB112 /* Build configuration list for PBXProject "Program 2 EC" */ = {
			isa = XCConfigurationList;
			buildConfigurations = (
				5A3FCD891DA24A7F00AEB112 /* Debug */,
				5A3FCD8A1DA24A7F00AEB112 /* Release */,
			);
			defaultConfigurationIsVisible = 0;
			defaultConfigurationName = Release;
		};
		5A3FCD8B1DA24A7F00AEB112 /* Build configuration list for PBXNativeTarget "Program 2 EC NEW" */ = {
			isa = XCConfigurationList;
			buildConfigurations = (
				5A3FCD8C1DA24A7F00AEB112 /* Debug */,
				5A3FCD8D1DA24A7F00AEB112 /* Release */,
			);
			defaultConfigurationIsVisible = 0;
			defaultConfigurationName = Release;
		};
/* End XCConfigurationList section */
	};
	rootObject = 5A3FCD7C1DA24A7F00AEB112 /* Project object */;
}
