// !$*UTF8*$!
{
	archiveVersion = 1;
	classes = {
	};
	objectVersion = 46;
	objects = {

/* Begin PBXBuildFile section */
		5A9A06C61DE57A49000F36E8 /* expEvaluator.cpp in Sources */ = {isa = PBXBuildFile; fileRef = 5A9A06BD1DE57A49000F36E8 /* expEvaluator.cpp */; };
		5A9A06C71DE57A49000F36E8 /* interface.cpp in Sources */ = {isa = PBXBuildFile; fileRef = 5A9A06BF1DE57A49000F36E8 /* interface.cpp */; };
		5A9A06C81DE57A49000F36E8 /* interpreter.cpp in Sources */ = {isa = PBXBuildFile; fileRef = 5A9A06C11DE57A49000F36E8 /* interpreter.cpp */; };
		5A9A06C91DE57A49000F36E8 /* lexScanner.cpp in Sources */ = {isa = PBXBuildFile; fileRef = 5A9A06C31DE57A49000F36E8 /* lexScanner.cpp */; };
		5A9A06CA1DE57A49000F36E8 /* main.cpp in Sources */ = {isa = PBXBuildFile; fileRef = 5A9A06C51DE57A49000F36E8 /* main.cpp */; };
/* End PBXBuildFile section */

/* Begin PBXCopyFilesBuildPhase section */
		5A9A06B11DE57A2E000F36E8 /* CopyFiles */ = {
			isa = PBXCopyFilesBuildPhase;
			buildActionMask = 2147483647;
			dstPath = /usr/share/man/man1/;
			dstSubfolderSpec = 0;
			files = (
			);
			runOnlyForDeploymentPostprocessing = 1;
		};
/* End PBXCopyFilesBuildPhase section */

/* Begin PBXFileReference section */
		5A9A06B31DE57A2E000F36E8 /* Program 4B */ = {isa = PBXFileReference; explicitFileType = "compiled.mach-o.executable"; includeInIndex = 0; path = "Program 4B"; sourceTree = BUILT_PRODUCTS_DIR; };
		5A9A06BD1DE57A49000F36E8 /* expEvaluator.cpp */ = {isa = PBXFileReference; fileEncoding = 4; lastKnownFileType = sourcecode.cpp.cpp; path = expEvaluator.cpp; sourceTree = "<group>"; };
		5A9A06BE1DE57A49000F36E8 /* expEvaluator.h */ = {isa = PBXFileReference; fileEncoding = 4; lastKnownFileType = sourcecode.c.h; path = expEvaluator.h; sourceTree = "<group>"; };
		5A9A06BF1DE57A49000F36E8 /* interface.cpp */ = {isa = PBXFileReference; fileEncoding = 4; lastKnownFileType = sourcecode.cpp.cpp; path = interface.cpp; sourceTree = "<group>"; };
		5A9A06C01DE57A49000F36E8 /* interface.h */ = {isa = PBXFileReference; fileEncoding = 4; lastKnownFileType = sourcecode.c.h; path = interface.h; sourceTree = "<group>"; };
		5A9A06C11DE57A49000F36E8 /* interpreter.cpp */ = {isa = PBXFileReference; fileEncoding = 4; lastKnownFileType = sourcecode.cpp.cpp; path = interpreter.cpp; sourceTree = "<group>"; };
		5A9A06C21DE57A49000F36E8 /* interpreter.h */ = {isa = PBXFileReference; fileEncoding = 4; lastKnownFileType = sourcecode.c.h; path = interpreter.h; sourceTree = "<group>"; };
		5A9A06C31DE57A49000F36E8 /* lexScanner.cpp */ = {isa = PBXFileReference; fileEncoding = 4; lastKnownFileType = sourcecode.cpp.cpp; path = lexScanner.cpp; sourceTree = "<group>"; };
		5A9A06C41DE57A49000F36E8 /* lexScanner.h */ = {isa = PBXFileReference; fileEncoding = 4; lastKnownFileType = sourcecode.c.h; path = lexScanner.h; sourceTree = "<group>"; };
		5A9A06C51DE57A49000F36E8 /* main.cpp */ = {isa = PBXFileReference; fileEncoding = 4; lastKnownFileType = sourcecode.cpp.cpp; path = main.cpp; sourceTree = "<group>"; };
/* End PBXFileReference section */

/* Begin PBXFrameworksBuildPhase section */
		5A9A06B01DE57A2E000F36E8 /* Frameworks */ = {
			isa = PBXFrameworksBuildPhase;
			buildActionMask = 2147483647;
			files = (
			);
			runOnlyForDeploymentPostprocessing = 0;
		};
/* End PBXFrameworksBuildPhase section */

/* Begin PBXGroup section */
		5A9A06AA1DE57A2E000F36E8 = {
			isa = PBXGroup;
			children = (
				5A9A06B51DE57A2E000F36E8 /* Program 4B */,
				5A9A06B41DE57A2E000F36E8 /* Products */,
			);
			sourceTree = "<group>";
		};
		5A9A06B41DE57A2E000F36E8 /* Products */ = {
			isa = PBXGroup;
			children = (
				5A9A06B31DE57A2E000F36E8 /* Program 4B */,
			);
			name = Products;
			sourceTree = "<group>";
		};
		5A9A06B51DE57A2E000F36E8 /* Program 4B */ = {
			isa = PBXGroup;
			children = (
				5A9A06BD1DE57A49000F36E8 /* expEvaluator.cpp */,
				5A9A06BE1DE57A49000F36E8 /* expEvaluator.h */,
				5A9A06BF1DE57A49000F36E8 /* interface.cpp */,
				5A9A06C01DE57A49000F36E8 /* interface.h */,
				5A9A06C11DE57A49000F36E8 /* interpreter.cpp */,
				5A9A06C21DE57A49000F36E8 /* interpreter.h */,
				5A9A06C31DE57A49000F36E8 /* lexScanner.cpp */,
				5A9A06C41DE57A49000F36E8 /* lexScanner.h */,
				5A9A06C51DE57A49000F36E8 /* main.cpp */,
			);
			path = "Program 4B";
			sourceTree = "<group>";
		};
/* End PBXGroup section */

/* Begin PBXNativeTarget section */
		5A9A06B21DE57A2E000F36E8 /* Program 4B */ = {
			isa = PBXNativeTarget;
			buildConfigurationList = 5A9A06BA1DE57A2E000F36E8 /* Build configuration list for PBXNativeTarget "Program 4B" */;
			buildPhases = (
				5A9A06AF1DE57A2E000F36E8 /* Sources */,
				5A9A06B01DE57A2E000F36E8 /* Frameworks */,
				5A9A06B11DE57A2E000F36E8 /* CopyFiles */,
			);
			buildRules = (
			);
			dependencies = (
			);
			name = "Program 4B";
			productName = "Program 4B";
			productReference = 5A9A06B31DE57A2E000F36E8 /* Program 4B */;
			productType = "com.apple.product-type.tool";
		};
/* End PBXNativeTarget section */

/* Begin PBXProject section */
		5A9A06AB1DE57A2E000F36E8 /* Project object */ = {
			isa = PBXProject;
			attributes = {
				LastUpgradeCheck = 0800;
				ORGANIZATIONNAME = "Willy Hung";
				TargetAttributes = {
					5A9A06B21DE57A2E000F36E8 = {
						CreatedOnToolsVersion = 8.0;
						ProvisioningStyle = Automatic;
					};
				};
			};
			buildConfigurationList = 5A9A06AE1DE57A2E000F36E8 /* Build configuration list for PBXProject "Program 4B" */;
			compatibilityVersion = "Xcode 3.2";
			developmentRegion = English;
			hasScannedForEncodings = 0;
			knownRegions = (
				en,
			);
			mainGroup = 5A9A06AA1DE57A2E000F36E8;
			productRefGroup = 5A9A06B41DE57A2E000F36E8 /* Products */;
			projectDirPath = "";
			projectRoot = "";
			targets = (
				5A9A06B21DE57A2E000F36E8 /* Program 4B */,
			);
		};
/* End PBXProject section */

/* Begin PBXSourcesBuildPhase section */
		5A9A06AF1DE57A2E000F36E8 /* Sources */ = {
			isa = PBXSourcesBuildPhase;
			buildActionMask = 2147483647;
			files = (
				5A9A06C61DE57A49000F36E8 /* expEvaluator.cpp in Sources */,
				5A9A06C71DE57A49000F36E8 /* interface.cpp in Sources */,
				5A9A06C91DE57A49000F36E8 /* lexScanner.cpp in Sources */,
				5A9A06CA1DE57A49000F36E8 /* main.cpp in Sources */,
				5A9A06C81DE57A49000F36E8 /* interpreter.cpp in Sources */,
			);
			runOnlyForDeploymentPostprocessing = 0;
		};
/* End PBXSourcesBuildPhase section */

/* Begin XCBuildConfiguration section */
		5A9A06B81DE57A2E000F36E8 /* Debug */ = {
			isa = XCBuildConfiguration;
			buildSettings = {
				ALWAYS_SEARCH_USER_PATHS = NO;
				CLANG_ANALYZER_NONNULL = YES;
				CLANG_CXX_LANGUAGE_STANDARD = "gnu++0x";
				CLANG_CXX_LIBRARY = "libc++";
				CLANG_ENABLE_MODULES = YES;
				CLANG_ENABLE_OBJC_ARC = YES;
				CLANG_WARN_BOOL_CONVERSION = YES;
				CLANG_WARN_CONSTANT_CONVERSION = YES;
				CLANG_WARN_DIRECT_OBJC_ISA_USAGE = YES_ERROR;
				CLANG_WARN_DOCUMENTATION_COMMENTS = YES;
				CLANG_WARN_EMPTY_BODY = YES;
				CLANG_WARN_ENUM_CONVERSION = YES;
				CLANG_WARN_INFINITE_RECURSION = YES;
				CLANG_WARN_INT_CONVERSION = YES;
				CLANG_WARN_OBJC_ROOT_CLASS = YES_ERROR;
				CLANG_WARN_SUSPICIOUS_MOVES = YES;
				CLANG_WARN_UNREACHABLE_CODE = YES;
				CLANG_WARN__DUPLICATE_METHOD_MATCH = YES;
				CODE_SIGN_IDENTITY = "-";
				COPY_PHASE_STRIP = NO;
				DEBUG_INFORMATION_FORMAT = dwarf;
				ENABLE_STRICT_OBJC_MSGSEND = YES;
				ENABLE_TESTABILITY = YES;
				GCC_C_LANGUAGE_STANDARD = gnu99;
				GCC_DYNAMIC_NO_PIC = NO;
				GCC_NO_COMMON_BLOCKS = YES;
				GCC_OPTIMIZATION_LEVEL = 0;
				GCC_PREPROCESSOR_DEFINITIONS = (
					"DEBUG=1",
					"$(inherited)",
				);
				GCC_WARN_64_TO_32_BIT_CONVERSION = YES;
				GCC_WARN_ABOUT_RETURN_TYPE = YES_ERROR;
				GCC_WARN_UNDECLARED_SELECTOR = YES;
				GCC_WARN_UNINITIALIZED_AUTOS = YES_AGGRESSIVE;
				GCC_WARN_UNUSED_FUNCTION = YES;
				GCC_WARN_UNUSED_VARIABLE = YES;
				MACOSX_DEPLOYMENT_TARGET = 10.12;
				MTL_ENABLE_DEBUG_INFO = YES;
				ONLY_ACTIVE_ARCH = YES;
				SDKROOT = macosx;
			};
			name = Debug;
		};
		5A9A06B91DE57A2E000F36E8 /* Release */ = {
			isa = XCBuildConfiguration;
			buildSettings = {
				ALWAYS_SEARCH_USER_PATHS = NO;
				CLANG_ANALYZER_NONNULL = YES;
				CLANG_CXX_LANGUAGE_STANDARD = "gnu++0x";
				CLANG_CXX_LIBRARY = "libc++";
				CLANG_ENABLE_MODULES = YES;
				CLANG_ENABLE_OBJC_ARC = YES;
				CLANG_WARN_BOOL_CONVERSION = YES;
				CLANG_WARN_CONSTANT_CONVERSION = YES;
				CLANG_WARN_DIRECT_OBJC_ISA_USAGE = YES_ERROR;
				CLANG_WARN_DOCUMENTATION_COMMENTS = YES;
				CLANG_WARN_EMPTY_BODY = YES;
				CLANG_WARN_ENUM_CONVERSION = YES;
				CLANG_WARN_INFINITE_RECURSION = YES;
				CLANG_WARN_INT_CONVERSION = YES;
				CLANG_WARN_OBJC_ROOT_CLASS = YES_ERROR;
				CLANG_WARN_SUSPICIOUS_MOVES = YES;
				CLANG_WARN_UNREACHABLE_CODE = YES;
				CLANG_WARN__DUPLICATE_METHOD_MATCH = YES;
				CODE_SIGN_IDENTITY = "-";
				COPY_PHASE_STRIP = NO;
				DEBUG_INFORMATION_FORMAT = "dwarf-with-dsym";
				ENABLE_NS_ASSERTIONS = NO;
				ENABLE_STRICT_OBJC_MSGSEND = YES;
				GCC_C_LANGUAGE_STANDARD = gnu99;
				GCC_NO_COMMON_BLOCKS = YES;
				GCC_WARN_64_TO_32_BIT_CONVERSION = YES;
				GCC_WARN_ABOUT_RETURN_TYPE = YES_ERROR;
				GCC_WARN_UNDECLARED_SELECTOR = YES;
				GCC_WARN_UNINITIALIZED_AUTOS = YES_AGGRESSIVE;
				GCC_WARN_UNUSED_FUNCTION = YES;
				GCC_WARN_UNUSED_VARIABLE = YES;
				MACOSX_DEPLOYMENT_TARGET = 10.12;
				MTL_ENABLE_DEBUG_INFO = NO;
				SDKROOT = macosx;
			};
			name = Release;
		};
		5A9A06BB1DE57A2E000F36E8 /* Debug */ = {
			isa = XCBuildConfiguration;
			buildSettings = {
				PRODUCT_NAME = "$(TARGET_NAME)";
			};
			name = Debug;
		};
		5A9A06BC1DE57A2E000F36E8 /* Release */ = {
			isa = XCBuildConfiguration;
			buildSettings = {
				PRODUCT_NAME = "$(TARGET_NAME)";
			};
			name = Release;
		};
/* End XCBuildConfiguration section */

/* Begin XCConfigurationList section */
		5A9A06AE1DE57A2E000F36E8 /* Build configuration list for PBXProject "Program 4B" */ = {
			isa = XCConfigurationList;
			buildConfigurations = (
				5A9A06B81DE57A2E000F36E8 /* Debug */,
				5A9A06B91DE57A2E000F36E8 /* Release */,
			);
			defaultConfigurationIsVisible = 0;
			defaultConfigurationName = Release;
		};
		5A9A06BA1DE57A2E000F36E8 /* Build configuration list for PBXNativeTarget "Program 4B" */ = {
			isa = XCConfigurationList;
			buildConfigurations = (
				5A9A06BB1DE57A2E000F36E8 /* Debug */,
				5A9A06BC1DE57A2E000F36E8 /* Release */,
			);
			defaultConfigurationIsVisible = 0;
		};
/* End XCConfigurationList section */
	};
	rootObject = 5A9A06AB1DE57A2E000F36E8 /* Project object */;
}
