// !$*UTF8*$!
{
	archiveVersion = 1;
	classes = {
	};
	objectVersion = 46;
	objects = {

/* Begin PBXBuildFile section */
		5A873C341DDE7B0C00A13DFB /* demo.cpp in Sources */ = {isa = PBXBuildFile; fileRef = 5A873C311DDE7B0C00A13DFB /* demo.cpp */; };
		5A873C351DDE7B0C00A13DFB /* models .cpp in Sources */ = {isa = PBXBuildFile; fileRef = 5A873C321DDE7B0C00A13DFB /* models .cpp */; };
/* End PBXBuildFile section */

/* Begin PBXCopyFilesBuildPhase section */
		5A873C251DDE7AF700A13DFB /* CopyFiles */ = {
			isa = PBXCopyFilesBuildPhase;
			buildActionMask = 2147483647;
			dstPath = /usr/share/man/man1/;
			dstSubfolderSpec = 0;
			files = (
			);
			runOnlyForDeploymentPostprocessing = 1;
		};
/* End PBXCopyFilesBuildPhase section */

/* Begin PBXFileReference section */
		5A873C271DDE7AF700A13DFB /* 4A */ = {isa = PBXFileReference; explicitFileType = "compiled.mach-o.executable"; includeInIndex = 0; path = 4A; sourceTree = BUILT_PRODUCTS_DIR; };
		5A873C311DDE7B0C00A13DFB /* demo.cpp */ = {isa = PBXFileReference; fileEncoding = 4; lastKnownFileType = sourcecode.cpp.cpp; path = demo.cpp; sourceTree = "<group>"; };
		5A873C321DDE7B0C00A13DFB /* models .cpp */ = {isa = PBXFileReference; fileEncoding = 4; lastKnownFileType = sourcecode.cpp.cpp; path = "models .cpp"; sourceTree = "<group>"; };
		5A873C331DDE7B0C00A13DFB /* models.h */ = {isa = PBXFileReference; fileEncoding = 4; lastKnownFileType = sourcecode.c.h; path = models.h; sourceTree = "<group>"; };
/* End PBXFileReference section */

/* Begin PBXFrameworksBuildPhase section */
		5A873C241DDE7AF700A13DFB /* Frameworks */ = {
			isa = PBXFrameworksBuildPhase;
			buildActionMask = 2147483647;
			files = (
			);
			runOnlyForDeploymentPostprocessing = 0;
		};
/* End PBXFrameworksBuildPhase section */

/* Begin PBXGroup section */
		5A873C1E1DDE7AF700A13DFB = {
			isa = PBXGroup;
			children = (
				5A873C291DDE7AF700A13DFB /* 4A */,
				5A873C281DDE7AF700A13DFB /* Products */,
			);
			sourceTree = "<group>";
		};
		5A873C281DDE7AF700A13DFB /* Products */ = {
			isa = PBXGroup;
			children = (
				5A873C271DDE7AF700A13DFB /* 4A */,
			);
			name = Products;
			sourceTree = "<group>";
		};
		5A873C291DDE7AF700A13DFB /* 4A */ = {
			isa = PBXGroup;
			children = (
				5A873C311DDE7B0C00A13DFB /* demo.cpp */,
				5A873C321DDE7B0C00A13DFB /* models .cpp */,
				5A873C331DDE7B0C00A13DFB /* models.h */,
			);
			path = 4A;
			sourceTree = "<group>";
		};
/* End PBXGroup section */

/* Begin PBXNativeTarget section */
		5A873C261DDE7AF700A13DFB /* 4A */ = {
			isa = PBXNativeTarget;
			buildConfigurationList = 5A873C2E1DDE7AF700A13DFB /* Build configuration list for PBXNativeTarget "4A" */;
			buildPhases = (
				5A873C231DDE7AF700A13DFB /* Sources */,
				5A873C241DDE7AF700A13DFB /* Frameworks */,
				5A873C251DDE7AF700A13DFB /* CopyFiles */,
			);
			buildRules = (
			);
			dependencies = (
			);
			name = 4A;
			productName = 4A;
			productReference = 5A873C271DDE7AF700A13DFB /* 4A */;
			productType = "com.apple.product-type.tool";
		};
/* End PBXNativeTarget section */

/* Begin PBXProject section */
		5A873C1F1DDE7AF700A13DFB /* Project object */ = {
			isa = PBXProject;
			attributes = {
				LastUpgradeCheck = 0800;
				ORGANIZATIONNAME = "Willy Hung";
				TargetAttributes = {
					5A873C261DDE7AF700A13DFB = {
						CreatedOnToolsVersion = 8.0;
						ProvisioningStyle = Automatic;
					};
				};
			};
			buildConfigurationList = 5A873C221DDE7AF700A13DFB /* Build configuration list for PBXProject "4A" */;
			compatibilityVersion = "Xcode 3.2";
			developmentRegion = English;
			hasScannedForEncodings = 0;
			knownRegions = (
				en,
			);
			mainGroup = 5A873C1E1DDE7AF700A13DFB;
			productRefGroup = 5A873C281DDE7AF700A13DFB /* Products */;
			projectDirPath = "";
			projectRoot = "";
			targets = (
				5A873C261DDE7AF700A13DFB /* 4A */,
			);
		};
/* End PBXProject section */

/* Begin PBXSourcesBuildPhase section */
		5A873C231DDE7AF700A13DFB /* Sources */ = {
			isa = PBXSourcesBuildPhase;
			buildActionMask = 2147483647;
			files = (
				5A873C351DDE7B0C00A13DFB /* models .cpp in Sources */,
				5A873C341DDE7B0C00A13DFB /* demo.cpp in Sources */,
			);
			runOnlyForDeploymentPostprocessing = 0;
		};
/* End PBXSourcesBuildPhase section */

/* Begin XCBuildConfiguration section */
		5A873C2C1DDE7AF700A13DFB /* Debug */ = {
			isa = XCBuildConfiguration;
			buildSettings = {
				ALWAYS_SEARCH_USER_PATHS = NO;
				CLANG_ANALYZER_NONNULL = YES;
				CLANG_CXX_LANGUAGE_STANDARD = "gnu++0x";
				CLANG_CXX_LIBRARY = "libc++";
				CLANG_ENABLE_MODULES = YES;
				CLANG_ENABLE_OBJC_ARC = YES;
				CLANG_WARN_BOOL_CONVERSION = YES;
				CLANG_WARN_CONSTANT_CONVERSION = YES;
				CLANG_WARN_DIRECT_OBJC_ISA_USAGE = YES_ERROR;
				CLANG_WARN_DOCUMENTATION_COMMENTS = YES;
				CLANG_WARN_EMPTY_BODY = YES;
				CLANG_WARN_ENUM_CONVERSION = YES;
				CLANG_WARN_INFINITE_RECURSION = YES;
				CLANG_WARN_INT_CONVERSION = YES;
				CLANG_WARN_OBJC_ROOT_CLASS = YES_ERROR;
				CLANG_WARN_SUSPICIOUS_MOVES = YES;
				CLANG_WARN_UNREACHABLE_CODE = YES;
				CLANG_WARN__DUPLICATE_METHOD_MATCH = YES;
				CODE_SIGN_IDENTITY = "-";
				COPY_PHASE_STRIP = NO;
				DEBUG_INFORMATION_FORMAT = dwarf;
				ENABLE_STRICT_OBJC_MSGSEND = YES;
				ENABLE_TESTABILITY = YES;
				GCC_C_LANGUAGE_STANDARD = gnu99;
				GCC_DYNAMIC_NO_PIC = NO;
				GCC_NO_COMMON_BLOCKS = YES;
				GCC_OPTIMIZATION_LEVEL = 0;
				GCC_PREPROCESSOR_DEFINITIONS = (
					"DEBUG=1",
					"$(inherited)",
				);
				GCC_WARN_64_TO_32_BIT_CONVERSION = YES;
				GCC_WARN_ABOUT_RETURN_TYPE = YES_ERROR;
				GCC_WARN_UNDECLARED_SELECTOR = YES;
				GCC_WARN_UNINITIALIZED_AUTOS = YES_AGGRESSIVE;
				GCC_WARN_UNUSED_FUNCTION = YES;
				GCC_WARN_UNUSED_VARIABLE = YES;
				MACOSX_DEPLOYMENT_TARGET = 10.12;
				MTL_ENABLE_DEBUG_INFO = YES;
				ONLY_ACTIVE_ARCH = YES;
				SDKROOT = macosx;
			};
			name = Debug;
		};
		5A873C2D1DDE7AF700A13DFB /* Release */ = {
			isa = XCBuildConfiguration;
			buildSettings = {
				ALWAYS_SEARCH_USER_PATHS = NO;
				CLANG_ANALYZER_NONNULL = YES;
				CLANG_CXX_LANGUAGE_STANDARD = "gnu++0x";
				CLANG_CXX_LIBRARY = "libc++";
				CLANG_ENABLE_MODULES = YES;
				CLANG_ENABLE_OBJC_ARC = YES;
				CLANG_WARN_BOOL_CONVERSION = YES;
				CLANG_WARN_CONSTANT_CONVERSION = YES;
				CLANG_WARN_DIRECT_OBJC_ISA_USAGE = YES_ERROR;
				CLANG_WARN_DOCUMENTATION_COMMENTS = YES;
				CLANG_WARN_EMPTY_BODY = YES;
				CLANG_WARN_ENUM_CONVERSION = YES;
				CLANG_WARN_INFINITE_RECURSION = YES;
				CLANG_WARN_INT_CONVERSION = YES;
				CLANG_WARN_OBJC_ROOT_CLASS = YES_ERROR;
				CLANG_WARN_SUSPICIOUS_MOVES = YES;
				CLANG_WARN_UNREACHABLE_CODE = YES;
				CLANG_WARN__DUPLICATE_METHOD_MATCH = YES;
				CODE_SIGN_IDENTITY = "-";
				COPY_PHASE_STRIP = NO;
				DEBUG_INFORMATION_FORMAT = "dwarf-with-dsym";
				ENABLE_NS_ASSERTIONS = NO;
				ENABLE_STRICT_OBJC_MSGSEND = YES;
				GCC_C_LANGUAGE_STANDARD = gnu99;
				GCC_NO_COMMON_BLOCKS = YES;
				GCC_WARN_64_TO_32_BIT_CONVERSION = YES;
				GCC_WARN_ABOUT_RETURN_TYPE = YES_ERROR;
				GCC_WARN_UNDECLARED_SELECTOR = YES;
				GCC_WARN_UNINITIALIZED_AUTOS = YES_AGGRESSIVE;
				GCC_WARN_UNUSED_FUNCTION = YES;
				GCC_WARN_UNUSED_VARIABLE = YES;
				MACOSX_DEPLOYMENT_TARGET = 10.12;
				MTL_ENABLE_DEBUG_INFO = NO;
				SDKROOT = macosx;
			};
			name = Release;
		};
		5A873C2F1DDE7AF700A13DFB /* Debug */ = {
			isa = XCBuildConfiguration;
			buildSettings = {
				PRODUCT_NAME = "$(TARGET_NAME)";
			};
			name = Debug;
		};
		5A873C301DDE7AF700A13DFB /* Release */ = {
			isa = XCBuildConfiguration;
			buildSettings = {
				PRODUCT_NAME = "$(TARGET_NAME)";
			};
			name = Release;
		};
/* End XCBuildConfiguration section */

/* Begin XCConfigurationList section */
		5A873C221DDE7AF700A13DFB /* Build configuration list for PBXProject "4A" */ = {
			isa = XCConfigurationList;
			buildConfigurations = (
				5A873C2C1DDE7AF700A13DFB /* Debug */,
				5A873C2D1DDE7AF700A13DFB /* Release */,
			);
			defaultConfigurationIsVisible = 0;
			defaultConfigurationName = Release;
		};
		5A873C2E1DDE7AF700A13DFB /* Build configuration list for PBXNativeTarget "4A" */ = {
			isa = XCConfigurationList;
			buildConfigurations = (
				5A873C2F1DDE7AF700A13DFB /* Debug */,
				5A873C301DDE7AF700A13DFB /* Release */,
			);
			defaultConfigurationIsVisible = 0;
		};
/* End XCConfigurationList section */
	};
	rootObject = 5A873C1F1DDE7AF700A13DFB /* Project object */;
}
